
Microsoft Visual Studio Solution File, Format Version 12.00
# Visual Studio Version 17
VisualStudioVersion = 17.3.32929.385
MinimumVisualStudioVersion = 10.0.40219.1
Project("{F184B08F-C81C-45F6-A57F-5ABD9991F28F}") = "AMS_2", "AMS_2\AMS_2.vbproj", "{D8EDC4FB-BA0F-46EA-B3FB-34998F2C1C6B}"
EndProject
Global
	GlobalSection(SolutionConfigurationPlatforms) = preSolution
		Debug|Any CPU = Debug|Any CPU
		Release|Any CPU = Release|Any CPU
	EndGlobalSection
	GlobalSection(ProjectConfigurationPlatforms) = postSolution
		{D8EDC4FB-BA0F-46EA-B3FB-34998F2C1C6B}.Debug|Any CPU.ActiveCfg = Debug|Any CPU
		{D8EDC4FB-BA0F-46EA-B3FB-34998F2C1C6B}.Debug|Any CPU.Build.0 = Debug|Any CPU
		{D8EDC4FB-BA0F-46EA-B3FB-34998F2C1C6B}.Release|Any CPU.ActiveCfg = Release|Any CPU
		{D8EDC4FB-BA0F-46EA-B3FB-34998F2C1C6B}.Release|Any CPU.Build.0 = Release|Any CPU
	EndGlobalSection
	GlobalSection(SolutionProperties) = preSolution
		HideSolutionNode = FALSE
	EndGlobalSection
	GlobalSection(ExtensibilityGlobals) = postSolution
		SolutionGuid = {B870B093-2F8A-4BC2-B059-1A19F9F5C689}
	EndGlobalSection
EndGlobal
